dependencies:
- name: qtest-launch
  repository: https://tricentis.github.io/qTest.Charts
  version: 1.0.6
- name: qtest-insights
  repository: https://tricentis.github.io/qTest.Charts
  version: 1.0.14
- name: qtest-insights-etl
  repository: https://tricentis.github.io/qTest.Charts
  version: 1.0.10
- name: qtest-parameters
  repository: https://tricentis.github.io/qTest.Charts
  version: 1.0.7
- name: qtest-pulse
  repository: https://tricentis.github.io/qTest.Charts
  version: 1.0.7
- name: qtest-scenario
  repository: https://tricentis.github.io/qTest.Charts
  version: 1.0.11
- name: qtest-session
  repository: https://tricentis.github.io/qTest.Charts
  version: 1.1.5
- name: reloader
  repository: https://stakater.github.io/stakater-charts
  version: v1.0.15
digest: sha256:d232b1f5a73664baee2a6dd798f38af65271d941cd5d5bddd697f1e4ee57344b
generated: "2023-03-15T15:06:15.591447-04:00"
