dependencies:
- name: qtest-launch
  repository: https://tricentis.github.io/qTest.Charts
  version: 1.0.1
- name: qtest-insights
  repository: https://tricentis.github.io/qTest.Charts
  version: 1.0.1
- name: qtest-insights-etl
  repository: https://tricentis.github.io/qTest.Charts
  version: 1.0.0
- name: qtest-parameters
  repository: https://tricentis.github.io/qTest.Charts
  version: 1.0.0
- name: qtest-pulse
  repository: https://tricentis.github.io/qTest.Charts
  version: 1.0.0
- name: qtest-scenario
  repository: https://tricentis.github.io/qTest.Charts
  version: 1.0.0
- name: qtest-session
  repository: https://tricentis.github.io/qTest.Charts
  version: 1.0.0
- name: reloader
  repository: https://stakater.github.io/stakater-charts
  version: v0.0.104
digest: sha256:fe67cf9042c2656be091ed13aa464517660d58971ec2dd6d6ec457026758d2ba
generated: "2022-02-02T16:17:36.796883-05:00"
